
Microsoft Visual Studio Solution File, Format Version 12.00
# Visual Studio Version 16
VisualStudioVersion = 16.0.28922.388
MinimumVisualStudioVersion = 10.0.40219.1
Project("{9A19103F-16F7-4668-BE54-9A1E7A4F7556}") = "Poc_v1", "Poc_v1\Poc_v1.csproj", "{A98502E5-0F56-4EEA-B9D1-AFBF78CACD65}"
EndProject
Project("{FAE04EC0-301F-11D3-BF4B-00C04F79EFBC}") = "Api", "Api\Api.csproj", "{DD49DAE8-7200-40FC-BFD1-C844776952CD}"
EndProject
Global
	GlobalSection(SolutionConfigurationPlatforms) = preSolution
		Debug|Any CPU = Debug|Any CPU
		Release|Any CPU = Release|Any CPU
	EndGlobalSection
	GlobalSection(ProjectConfigurationPlatforms) = postSolution
		{A98502E5-0F56-4EEA-B9D1-AFBF78CACD65}.Debug|Any CPU.ActiveCfg = Debug|Any CPU
		{A98502E5-0F56-4EEA-B9D1-AFBF78CACD65}.Debug|Any CPU.Build.0 = Debug|Any CPU
		{A98502E5-0F56-4EEA-B9D1-AFBF78CACD65}.Release|Any CPU.ActiveCfg = Release|Any CPU
		{A98502E5-0F56-4EEA-B9D1-AFBF78CACD65}.Release|Any CPU.Build.0 = Release|Any CPU
		{DD49DAE8-7200-40FC-BFD1-C844776952CD}.Debug|Any CPU.ActiveCfg = Debug|Any CPU
		{DD49DAE8-7200-40FC-BFD1-C844776952CD}.Debug|Any CPU.Build.0 = Debug|Any CPU
		{DD49DAE8-7200-40FC-BFD1-C844776952CD}.Release|Any CPU.ActiveCfg = Release|Any CPU
		{DD49DAE8-7200-40FC-BFD1-C844776952CD}.Release|Any CPU.Build.0 = Release|Any CPU
	EndGlobalSection
	GlobalSection(SolutionProperties) = preSolution
		HideSolutionNode = FALSE
	EndGlobalSection
	GlobalSection(ExtensibilityGlobals) = postSolution
		SolutionGuid = {8F3D09D1-89EA-4E9E-838D-CE182EBFDEEF}
	EndGlobalSection
EndGlobal
